{
  "requires": true,
  "lockfileVersion": 1,
  "dependencies": {
    "@vant/weapp": {
      "version": "1.7.2",
      "resolved": "https://registry.npmjs.org/@vant/weapp/-/weapp-1.7.2.tgz",
      "integrity": "sha512-hI5tCJuzi1xDVpX8oP1GCBwpGHiu1+jA+9rMVggFwpF/6W6itk3Oggt3tT1nhN1WumcCwafnluBnqooOExFdDA=="
    }
  }
}
